{
  "name": "googlebot",
  "version": "1.0.0",
  "lockfileVersion": 3,
  "requires": true,
  "packages": {
    "": {
      "name": "googlebot",
      "version": "1.0.0",
      "license": "ISC",
      "dependencies": {
        "@google/generative-ai": "^0.1.1",
        "ws": "^8.15.1"
      }
    },
    "node_modules/@google/generative-ai": {
      "version": "0.1.1",
      "resolved": "https://registry.npmjs.org/@google/generative-ai/-/generative-ai-0.1.1.tgz",
      "integrity": "sha512-cbzKa8mT9YkTrT4XUuENIuvlqiJjwDgcD2Ks4L99Az9dWLgdXn8xnETEAZLOpqzoGx+1PuATZqlUnVRAeLbMgA==",
      "engines": {
        "node": ">=18.0.0"
      }
    },
    "node_modules/ws": {
      "version": "8.15.1",
      "resolved": "https://registry.npmjs.org/ws/-/ws-8.15.1.tgz",
      "integrity": "sha512-W5OZiCjXEmk0yZ66ZN82beM5Sz7l7coYxpRkzS+p9PP+ToQry8szKh+61eNktr7EA9DOwvFGhfC605jDHbP6QQ==",
      "engines": {
        "node": ">=10.0.0"
      },
      "peerDependencies": {
        "bufferutil": "^4.0.1",
        "utf-8-validate": ">=5.0.2"
      },
      "peerDependenciesMeta": {
        "bufferutil": {
          "optional": true
        },
        "utf-8-validate": {
          "optional": true
        }
      }
    }
  }
}
